// !$*UTF8*$!
{
	archiveVersion = 1;
	classes = {
	};
	objectVersion = 56;
	objects = {

/* Begin PBXBuildFile section */
		9DA4246A2B156CD700378846 /* Shake.swift in Sources */ = {isa = PBXBuildFile; fileRef = 9DA424692B156CD700378846 /* Shake.swift */; };
		9DB0429C2B195AC700D1A531 /* RaffleDataContainer.swift in Sources */ = {isa = PBXBuildFile; fileRef = 9DB0429B2B195AC700D1A531 /* RaffleDataContainer.swift */; };
		9DB0429E2B1961F800D1A531 /* DataGenerationOptions.swift in Sources */ = {isa = PBXBuildFile; fileRef = 9DB0429D2B1961F800D1A531 /* DataGenerationOptions.swift */; };
		9DB042A02B19682F00D1A531 /* ModelPreview.swift in Sources */ = {isa = PBXBuildFile; fileRef = 9DB0429F2B19682F00D1A531 /* ModelPreview.swift */; };
		9DB042A22B196FCC00D1A531 /* RaffleMockDataContainer.swift in Sources */ = {isa = PBXBuildFile; fileRef = 9DB042A12B196FCB00D1A531 /* RaffleMockDataContainer.swift */; };
		9DB042A42B19701E00D1A531 /* DataGeneration.swift in Sources */ = {isa = PBXBuildFile; fileRef = 9DB042A32B19701E00D1A531 /* DataGeneration.swift */; };
		9DB042A62B1970D200D1A531 /* Raffle+DataGeneration.swift in Sources */ = {isa = PBXBuildFile; fileRef = 9DB042A52B1970D200D1A531 /* Raffle+DataGeneration.swift */; };
		9DDBBAFB2B1244C000250DBE /* EscolhaPraMimApp.swift in Sources */ = {isa = PBXBuildFile; fileRef = 9DDBBAFA2B1244C000250DBE /* EscolhaPraMimApp.swift */; };
		9DDBBAFD2B1244C000250DBE /* ContentView.swift in Sources */ = {isa = PBXBuildFile; fileRef = 9DDBBAFC2B1244C000250DBE /* ContentView.swift */; };
		9DDBBAFF2B1244C100250DBE /* Assets.xcassets in Resources */ = {isa = PBXBuildFile; fileRef = 9DDBBAFE2B1244C100250DBE /* Assets.xcassets */; };
		9DDBBB022B1244C100250DBE /* Preview Assets.xcassets in Resources */ = {isa = PBXBuildFile; fileRef = 9DDBBB012B1244C100250DBE /* Preview Assets.xcassets */; };
		9DDBBB0A2B12453500250DBE /* Raffle.swift in Sources */ = {isa = PBXBuildFile; fileRef = 9DDBBB092B12453500250DBE /* Raffle.swift */; };
		9DDBBB0C2B12455100250DBE /* Option.swift in Sources */ = {isa = PBXBuildFile; fileRef = 9DDBBB0B2B12455100250DBE /* Option.swift */; };
		9DDBBB0F2B1245C500250DBE /* RaffleListingView.swift in Sources */ = {isa = PBXBuildFile; fileRef = 9DDBBB0E2B1245C500250DBE /* RaffleListingView.swift */; };
		9DDBBB112B12460C00250DBE /* RaffleEditingView.swift in Sources */ = {isa = PBXBuildFile; fileRef = 9DDBBB102B12460C00250DBE /* RaffleEditingView.swift */; };
		9DDBBB132B12464700250DBE /* RaffleCreationView.swift in Sources */ = {isa = PBXBuildFile; fileRef = 9DDBBB122B12464700250DBE /* RaffleCreationView.swift */; };
		9DDBBB162B1246A500250DBE /* CardView.swift in Sources */ = {isa = PBXBuildFile; fileRef = 9DDBBB152B1246A500250DBE /* CardView.swift */; };
		9DDBBB192B1247B300250DBE /* Cardify.swift in Sources */ = {isa = PBXBuildFile; fileRef = 9DDBBB182B1247B300250DBE /* Cardify.swift */; };
		9DDBBB1C2B12481200250DBE /* Gradient+Theme.swift in Sources */ = {isa = PBXBuildFile; fileRef = 9DDBBB1B2B12481200250DBE /* Gradient+Theme.swift */; };
/* End PBXBuildFile section */

/* Begin PBXFileReference section */
		9DA424692B156CD700378846 /* Shake.swift */ = {isa = PBXFileReference; lastKnownFileType = sourcecode.swift; path = Shake.swift; sourceTree = "<group>"; };
		9DB0429B2B195AC700D1A531 /* RaffleDataContainer.swift */ = {isa = PBXFileReference; lastKnownFileType = sourcecode.swift; path = RaffleDataContainer.swift; sourceTree = "<group>"; };
		9DB0429D2B1961F800D1A531 /* DataGenerationOptions.swift */ = {isa = PBXFileReference; lastKnownFileType = sourcecode.swift; path = DataGenerationOptions.swift; sourceTree = "<group>"; };
		9DB0429F2B19682F00D1A531 /* ModelPreview.swift */ = {isa = PBXFileReference; lastKnownFileType = sourcecode.swift; path = ModelPreview.swift; sourceTree = "<group>"; };
		9DB042A12B196FCB00D1A531 /* RaffleMockDataContainer.swift */ = {isa = PBXFileReference; lastKnownFileType = sourcecode.swift; path = RaffleMockDataContainer.swift; sourceTree = "<group>"; };
		9DB042A32B19701E00D1A531 /* DataGeneration.swift */ = {isa = PBXFileReference; lastKnownFileType = sourcecode.swift; path = DataGeneration.swift; sourceTree = "<group>"; };
		9DB042A52B1970D200D1A531 /* Raffle+DataGeneration.swift */ = {isa = PBXFileReference; lastKnownFileType = sourcecode.swift; path = "Raffle+DataGeneration.swift"; sourceTree = "<group>"; };
		9DDBBAF72B1244C000250DBE /* EscolhaPraMim.app */ = {isa = PBXFileReference; explicitFileType = wrapper.application; includeInIndex = 0; path = EscolhaPraMim.app; sourceTree = BUILT_PRODUCTS_DIR; };
		9DDBBAFA2B1244C000250DBE /* EscolhaPraMimApp.swift */ = {isa = PBXFileReference; lastKnownFileType = sourcecode.swift; path = EscolhaPraMimApp.swift; sourceTree = "<group>"; };
		9DDBBAFC2B1244C000250DBE /* ContentView.swift */ = {isa = PBXFileReference; lastKnownFileType = sourcecode.swift; path = ContentView.swift; sourceTree = "<group>"; };
		9DDBBAFE2B1244C100250DBE /* Assets.xcassets */ = {isa = PBXFileReference; lastKnownFileType = folder.assetcatalog; path = Assets.xcassets; sourceTree = "<group>"; };
		9DDBBB012B1244C100250DBE /* Preview Assets.xcassets */ = {isa = PBXFileReference; lastKnownFileType = folder.assetcatalog; path = "Preview Assets.xcassets"; sourceTree = "<group>"; };
		9DDBBB092B12453500250DBE /* Raffle.swift */ = {isa = PBXFileReference; lastKnownFileType = sourcecode.swift; path = Raffle.swift; sourceTree = "<group>"; };
		9DDBBB0B2B12455100250DBE /* Option.swift */ = {isa = PBXFileReference; lastKnownFileType = sourcecode.swift; path = Option.swift; sourceTree = "<group>"; };
		9DDBBB0E2B1245C500250DBE /* RaffleListingView.swift */ = {isa = PBXFileReference; lastKnownFileType = sourcecode.swift; path = RaffleListingView.swift; sourceTree = "<group>"; };
		9DDBBB102B12460C00250DBE /* RaffleEditingView.swift */ = {isa = PBXFileReference; lastKnownFileType = sourcecode.swift; path = RaffleEditingView.swift; sourceTree = "<group>"; };
		9DDBBB122B12464700250DBE /* RaffleCreationView.swift */ = {isa = PBXFileReference; lastKnownFileType = sourcecode.swift; path = RaffleCreationView.swift; sourceTree = "<group>"; };
		9DDBBB152B1246A500250DBE /* CardView.swift */ = {isa = PBXFileReference; lastKnownFileType = sourcecode.swift; path = CardView.swift; sourceTree = "<group>"; };
		9DDBBB182B1247B300250DBE /* Cardify.swift */ = {isa = PBXFileReference; lastKnownFileType = sourcecode.swift; path = Cardify.swift; sourceTree = "<group>"; };
		9DDBBB1B2B12481200250DBE /* Gradient+Theme.swift */ = {isa = PBXFileReference; lastKnownFileType = sourcecode.swift; path = "Gradient+Theme.swift"; sourceTree = "<group>"; };
/* End PBXFileReference section */

/* Begin PBXFrameworksBuildPhase section */
		9DDBBAF42B1244C000250DBE /* Frameworks */ = {
			isa = PBXFrameworksBuildPhase;
			buildActionMask = 2147483647;
			files = (
			);
			runOnlyForDeploymentPostprocessing = 0;
		};
/* End PBXFrameworksBuildPhase section */

/* Begin PBXGroup section */
		9DB0429A2B195AAF00D1A531 /* Data */ = {
			isa = PBXGroup;
			children = (
				9DB0429B2B195AC700D1A531 /* RaffleDataContainer.swift */,
				9DB042A12B196FCB00D1A531 /* RaffleMockDataContainer.swift */,
				9DB0429D2B1961F800D1A531 /* DataGenerationOptions.swift */,
				9DB042A32B19701E00D1A531 /* DataGeneration.swift */,
				9DB0429F2B19682F00D1A531 /* ModelPreview.swift */,
			);
			path = Data;
			sourceTree = "<group>";
		};
		9DDBBAEE2B1244C000250DBE = {
			isa = PBXGroup;
			children = (
				9DDBBAF92B1244C000250DBE /* EscolhaPraMim */,
				9DDBBAF82B1244C000250DBE /* Products */,
			);
			sourceTree = "<group>";
		};
		9DDBBAF82B1244C000250DBE /* Products */ = {
			isa = PBXGroup;
			children = (
				9DDBBAF72B1244C000250DBE /* EscolhaPraMim.app */,
			);
			name = Products;
			sourceTree = "<group>";
		};
		9DDBBAF92B1244C000250DBE /* EscolhaPraMim */ = {
			isa = PBXGroup;
			children = (
				9DB0429A2B195AAF00D1A531 /* Data */,
				9DDBBB082B12450E00250DBE /* Models */,
				9DDBBB0D2B12457C00250DBE /* Pages */,
				9DDBBB142B12469200250DBE /* Views */,
				9DDBBB172B1246CA00250DBE /* ViewModifiers */,
				9DDBBB1A2B1247EA00250DBE /* Extensions */,
				9DDBBAFA2B1244C000250DBE /* EscolhaPraMimApp.swift */,
				9DDBBAFC2B1244C000250DBE /* ContentView.swift */,
				9DDBBAFE2B1244C100250DBE /* Assets.xcassets */,
				9DDBBB002B1244C100250DBE /* Preview Content */,
			);
			path = EscolhaPraMim;
			sourceTree = "<group>";
		};
		9DDBBB002B1244C100250DBE /* Preview Content */ = {
			isa = PBXGroup;
			children = (
				9DDBBB012B1244C100250DBE /* Preview Assets.xcassets */,
			);
			path = "Preview Content";
			sourceTree = "<group>";
		};
		9DDBBB082B12450E00250DBE /* Models */ = {
			isa = PBXGroup;
			children = (
				9DDBBB092B12453500250DBE /* Raffle.swift */,
				9DDBBB0B2B12455100250DBE /* Option.swift */,
				9DB042A52B1970D200D1A531 /* Raffle+DataGeneration.swift */,
			);
			path = Models;
			sourceTree = "<group>";
		};
		9DDBBB0D2B12457C00250DBE /* Pages */ = {
			isa = PBXGroup;
			children = (
				9DDBBB0E2B1245C500250DBE /* RaffleListingView.swift */,
				9DDBBB102B12460C00250DBE /* RaffleEditingView.swift */,
				9DDBBB122B12464700250DBE /* RaffleCreationView.swift */,
			);
			path = Pages;
			sourceTree = "<group>";
		};
		9DDBBB142B12469200250DBE /* Views */ = {
			isa = PBXGroup;
			children = (
				9DDBBB152B1246A500250DBE /* CardView.swift */,
			);
			path = Views;
			sourceTree = "<group>";
		};
		9DDBBB172B1246CA00250DBE /* ViewModifiers */ = {
			isa = PBXGroup;
			children = (
				9DDBBB182B1247B300250DBE /* Cardify.swift */,
				9DA424692B156CD700378846 /* Shake.swift */,
			);
			path = ViewModifiers;
			sourceTree = "<group>";
		};
		9DDBBB1A2B1247EA00250DBE /* Extensions */ = {
			isa = PBXGroup;
			children = (
				9DDBBB1B2B12481200250DBE /* Gradient+Theme.swift */,
			);
			path = Extensions;
			sourceTree = "<group>";
		};
/* End PBXGroup section */

/* Begin PBXNativeTarget section */
		9DDBBAF62B1244C000250DBE /* EscolhaPraMim */ = {
			isa = PBXNativeTarget;
			buildConfigurationList = 9DDBBB052B1244C100250DBE /* Build configuration list for PBXNativeTarget "EscolhaPraMim" */;
			buildPhases = (
				9DDBBAF32B1244C000250DBE /* Sources */,
				9DDBBAF42B1244C000250DBE /* Frameworks */,
				9DDBBAF52B1244C000250DBE /* Resources */,
			);
			buildRules = (
			);
			dependencies = (
			);
			name = EscolhaPraMim;
			productName = EscolhaPraMim;
			productReference = 9DDBBAF72B1244C000250DBE /* EscolhaPraMim.app */;
			productType = "com.apple.product-type.application";
		};
/* End PBXNativeTarget section */

/* Begin PBXProject section */
		9DDBBAEF2B1244C000250DBE /* Project object */ = {
			isa = PBXProject;
			attributes = {
				BuildIndependentTargetsInParallel = 1;
				LastSwiftUpdateCheck = 1500;
				LastUpgradeCheck = 1500;
				TargetAttributes = {
					9DDBBAF62B1244C000250DBE = {
						CreatedOnToolsVersion = 15.0.1;
					};
				};
			};
			buildConfigurationList = 9DDBBAF22B1244C000250DBE /* Build configuration list for PBXProject "EscolhaPraMim" */;
			compatibilityVersion = "Xcode 14.0";
			developmentRegion = en;
			hasScannedForEncodings = 0;
			knownRegions = (
				en,
				Base,
			);
			mainGroup = 9DDBBAEE2B1244C000250DBE;
			productRefGroup = 9DDBBAF82B1244C000250DBE /* Products */;
			projectDirPath = "";
			projectRoot = "";
			targets = (
				9DDBBAF62B1244C000250DBE /* EscolhaPraMim */,
			);
		};
/* End PBXProject section */

/* Begin PBXResourcesBuildPhase section */
		9DDBBAF52B1244C000250DBE /* Resources */ = {
			isa = PBXResourcesBuildPhase;
			buildActionMask = 2147483647;
			files = (
				9DDBBB022B1244C100250DBE /* Preview Assets.xcassets in Resources */,
				9DDBBAFF2B1244C100250DBE /* Assets.xcassets in Resources */,
			);
			runOnlyForDeploymentPostprocessing = 0;
		};
/* End PBXResourcesBuildPhase section */

/* Begin PBXSourcesBuildPhase section */
		9DDBBAF32B1244C000250DBE /* Sources */ = {
			isa = PBXSourcesBuildPhase;
			buildActionMask = 2147483647;
			files = (
				9DDBBB0C2B12455100250DBE /* Option.swift in Sources */,
				9DB042A62B1970D200D1A531 /* Raffle+DataGeneration.swift in Sources */,
				9DDBBB0A2B12453500250DBE /* Raffle.swift in Sources */,
				9DB042A22B196FCC00D1A531 /* RaffleMockDataContainer.swift in Sources */,
				9DDBBB132B12464700250DBE /* RaffleCreationView.swift in Sources */,
				9DA4246A2B156CD700378846 /* Shake.swift in Sources */,
				9DB042A42B19701E00D1A531 /* DataGeneration.swift in Sources */,
				9DB0429C2B195AC700D1A531 /* RaffleDataContainer.swift in Sources */,
				9DB0429E2B1961F800D1A531 /* DataGenerationOptions.swift in Sources */,
				9DDBBAFD2B1244C000250DBE /* ContentView.swift in Sources */,
				9DDBBAFB2B1244C000250DBE /* EscolhaPraMimApp.swift in Sources */,
				9DDBBB1C2B12481200250DBE /* Gradient+Theme.swift in Sources */,
				9DDBBB0F2B1245C500250DBE /* RaffleListingView.swift in Sources */,
				9DB042A02B19682F00D1A531 /* ModelPreview.swift in Sources */,
				9DDBBB162B1246A500250DBE /* CardView.swift in Sources */,
				9DDBBB112B12460C00250DBE /* RaffleEditingView.swift in Sources */,
				9DDBBB192B1247B300250DBE /* Cardify.swift in Sources */,
			);
			runOnlyForDeploymentPostprocessing = 0;
		};
/* End PBXSourcesBuildPhase section */

/* Begin XCBuildConfiguration section */
		9DDBBB032B1244C100250DBE /* Debug */ = {
			isa = XCBuildConfiguration;
			buildSettings = {
				ALWAYS_SEARCH_USER_PATHS = NO;
				ASSETCATALOG_COMPILER_GENERATE_SWIFT_ASSET_SYMBOL_EXTENSIONS = YES;
				CLANG_ANALYZER_NONNULL = YES;
				CLANG_ANALYZER_NUMBER_OBJECT_CONVERSION = YES_AGGRESSIVE;
				CLANG_CXX_LANGUAGE_STANDARD = "gnu++20";
				CLANG_ENABLE_MODULES = YES;
				CLANG_ENABLE_OBJC_ARC = YES;
				CLANG_ENABLE_OBJC_WEAK = YES;
				CLANG_WARN_BLOCK_CAPTURE_AUTORELEASING = YES;
				CLANG_WARN_BOOL_CONVERSION = YES;
				CLANG_WARN_COMMA = YES;
				CLANG_WARN_CONSTANT_CONVERSION = YES;
				CLANG_WARN_DEPRECATED_OBJC_IMPLEMENTATIONS = YES;
				CLANG_WARN_DIRECT_OBJC_ISA_USAGE = YES_ERROR;
				CLANG_WARN_DOCUMENTATION_COMMENTS = YES;
				CLANG_WARN_EMPTY_BODY = YES;
				CLANG_WARN_ENUM_CONVERSION = YES;
				CLANG_WARN_INFINITE_RECURSION = YES;
				CLANG_WARN_INT_CONVERSION = YES;
				CLANG_WARN_NON_LITERAL_NULL_CONVERSION = YES;
				CLANG_WARN_OBJC_IMPLICIT_RETAIN_SELF = YES;
				CLANG_WARN_OBJC_LITERAL_CONVERSION = YES;
				CLANG_WARN_OBJC_ROOT_CLASS = YES_ERROR;
				CLANG_WARN_QUOTED_INCLUDE_IN_FRAMEWORK_HEADER = YES;
				CLANG_WARN_RANGE_LOOP_ANALYSIS = YES;
				CLANG_WARN_STRICT_PROTOTYPES = YES;
				CLANG_WARN_SUSPICIOUS_MOVE = YES;
				CLANG_WARN_UNGUARDED_AVAILABILITY = YES_AGGRESSIVE;
				CLANG_WARN_UNREACHABLE_CODE = YES;
				CLANG_WARN__DUPLICATE_METHOD_MATCH = YES;
				COPY_PHASE_STRIP = NO;
				DEBUG_INFORMATION_FORMAT = dwarf;
				ENABLE_STRICT_OBJC_MSGSEND = YES;
				ENABLE_TESTABILITY = YES;
				ENABLE_USER_SCRIPT_SANDBOXING = YES;
				GCC_C_LANGUAGE_STANDARD = gnu17;
				GCC_DYNAMIC_NO_PIC = NO;
				GCC_NO_COMMON_BLOCKS = YES;
				GCC_OPTIMIZATION_LEVEL = 0;
				GCC_PREPROCESSOR_DEFINITIONS = (
					"DEBUG=1",
					"$(inherited)",
				);
				GCC_WARN_64_TO_32_BIT_CONVERSION = YES;
				GCC_WARN_ABOUT_RETURN_TYPE = YES_ERROR;
				GCC_WARN_UNDECLARED_SELECTOR = YES;
				GCC_WARN_UNINITIALIZED_AUTOS = YES_AGGRESSIVE;
				GCC_WARN_UNUSED_FUNCTION = YES;
				GCC_WARN_UNUSED_VARIABLE = YES;
				IPHONEOS_DEPLOYMENT_TARGET = 17.0;
				LOCALIZATION_PREFERS_STRING_CATALOGS = YES;
				MTL_ENABLE_DEBUG_INFO = INCLUDE_SOURCE;
				MTL_FAST_MATH = YES;
				ONLY_ACTIVE_ARCH = YES;
				SDKROOT = iphoneos;
				SWIFT_ACTIVE_COMPILATION_CONDITIONS = "DEBUG $(inherited)";
				SWIFT_OPTIMIZATION_LEVEL = "-Onone";
			};
			name = Debug;
		};
		9DDBBB042B1244C100250DBE /* Release */ = {
			isa = XCBuildConfiguration;
			buildSettings = {
				ALWAYS_SEARCH_USER_PATHS = NO;
				ASSETCATALOG_COMPILER_GENERATE_SWIFT_ASSET_SYMBOL_EXTENSIONS = YES;
				CLANG_ANALYZER_NONNULL = YES;
				CLANG_ANALYZER_NUMBER_OBJECT_CONVERSION = YES_AGGRESSIVE;
				CLANG_CXX_LANGUAGE_STANDARD = "gnu++20";
				CLANG_ENABLE_MODULES = YES;
				CLANG_ENABLE_OBJC_ARC = YES;
				CLANG_ENABLE_OBJC_WEAK = YES;
				CLANG_WARN_BLOCK_CAPTURE_AUTORELEASING = YES;
				CLANG_WARN_BOOL_CONVERSION = YES;
				CLANG_WARN_COMMA = YES;
				CLANG_WARN_CONSTANT_CONVERSION = YES;
				CLANG_WARN_DEPRECATED_OBJC_IMPLEMENTATIONS = YES;
				CLANG_WARN_DIRECT_OBJC_ISA_USAGE = YES_ERROR;
				CLANG_WARN_DOCUMENTATION_COMMENTS = YES;
				CLANG_WARN_EMPTY_BODY = YES;
				CLANG_WARN_ENUM_CONVERSION = YES;
				CLANG_WARN_INFINITE_RECURSION = YES;
				CLANG_WARN_INT_CONVERSION = YES;
				CLANG_WARN_NON_LITERAL_NULL_CONVERSION = YES;
				CLANG_WARN_OBJC_IMPLICIT_RETAIN_SELF = YES;
				CLANG_WARN_OBJC_LITERAL_CONVERSION = YES;
				CLANG_WARN_OBJC_ROOT_CLASS = YES_ERROR;
				CLANG_WARN_QUOTED_INCLUDE_IN_FRAMEWORK_HEADER = YES;
				CLANG_WARN_RANGE_LOOP_ANALYSIS = YES;
				CLANG_WARN_STRICT_PROTOTYPES = YES;
				CLANG_WARN_SUSPICIOUS_MOVE = YES;
				CLANG_WARN_UNGUARDED_AVAILABILITY = YES_AGGRESSIVE;
				CLANG_WARN_UNREACHABLE_CODE = YES;
				CLANG_WARN__DUPLICATE_METHOD_MATCH = YES;
				COPY_PHASE_STRIP = NO;
				DEBUG_INFORMATION_FORMAT = "dwarf-with-dsym";
				ENABLE_NS_ASSERTIONS = NO;
				ENABLE_STRICT_OBJC_MSGSEND = YES;
				ENABLE_USER_SCRIPT_SANDBOXING = YES;
				GCC_C_LANGUAGE_STANDARD = gnu17;
				GCC_NO_COMMON_BLOCKS = YES;
				GCC_WARN_64_TO_32_BIT_CONVERSION = YES;
				GCC_WARN_ABOUT_RETURN_TYPE = YES_ERROR;
				GCC_WARN_UNDECLARED_SELECTOR = YES;
				GCC_WARN_UNINITIALIZED_AUTOS = YES_AGGRESSIVE;
				GCC_WARN_UNUSED_FUNCTION = YES;
				GCC_WARN_UNUSED_VARIABLE = YES;
				IPHONEOS_DEPLOYMENT_TARGET = 17.0;
				LOCALIZATION_PREFERS_STRING_CATALOGS = YES;
				MTL_ENABLE_DEBUG_INFO = NO;
				MTL_FAST_MATH = YES;
				SDKROOT = iphoneos;
				SWIFT_COMPILATION_MODE = wholemodule;
				VALIDATE_PRODUCT = YES;
			};
			name = Release;
		};
		9DDBBB062B1244C100250DBE /* Debug */ = {
			isa = XCBuildConfiguration;
			buildSettings = {
				ASSETCATALOG_COMPILER_APPICON_NAME = AppIcon;
				ASSETCATALOG_COMPILER_GLOBAL_ACCENT_COLOR_NAME = AccentColor;
				CODE_SIGN_STYLE = Automatic;
				CURRENT_PROJECT_VERSION = 1;
				DEVELOPMENT_ASSET_PATHS = "\"EscolhaPraMim/Preview Content\"";
				DEVELOPMENT_TEAM = P54V35B2G5;
				ENABLE_PREVIEWS = YES;
				GENERATE_INFOPLIST_FILE = YES;
				INFOPLIST_KEY_CFBundleDisplayName = "Escolha pra mim";
				INFOPLIST_KEY_LSApplicationCategoryType = "public.app-category.entertainment";
				INFOPLIST_KEY_UIApplicationSceneManifest_Generation = YES;
				INFOPLIST_KEY_UIApplicationSupportsIndirectInputEvents = YES;
				INFOPLIST_KEY_UILaunchScreen_Generation = YES;
				INFOPLIST_KEY_UISupportedInterfaceOrientations_iPad = "UIInterfaceOrientationPortrait UIInterfaceOrientationPortraitUpsideDown UIInterfaceOrientationLandscapeLeft UIInterfaceOrientationLandscapeRight";
				INFOPLIST_KEY_UISupportedInterfaceOrientations_iPhone = "UIInterfaceOrientationPortrait UIInterfaceOrientationLandscapeLeft UIInterfaceOrientationLandscapeRight";
				LD_RUNPATH_SEARCH_PATHS = (
					"$(inherited)",
					"@executable_path/Frameworks",
				);
				MARKETING_VERSION = 1.0;
				PRODUCT_BUNDLE_IDENTIFIER = com.allanamaral.EscolhaPraMim;
				PRODUCT_NAME = "$(TARGET_NAME)";
				SWIFT_EMIT_LOC_STRINGS = YES;
				SWIFT_VERSION = 5.0;
				TARGETED_DEVICE_FAMILY = "1,2";
			};
			name = Debug;
		};
		9DDBBB072B1244C100250DBE /* Release */ = {
			isa = XCBuildConfiguration;
			buildSettings = {
				ASSETCATALOG_COMPILER_APPICON_NAME = AppIcon;
				ASSETCATALOG_COMPILER_GLOBAL_ACCENT_COLOR_NAME = AccentColor;
				CODE_SIGN_STYLE = Automatic;
				CURRENT_PROJECT_VERSION = 1;
				DEVELOPMENT_ASSET_PATHS = "\"EscolhaPraMim/Preview Content\"";
				DEVELOPMENT_TEAM = P54V35B2G5;
				ENABLE_PREVIEWS = YES;
				GENERATE_INFOPLIST_FILE = YES;
				INFOPLIST_KEY_CFBundleDisplayName = "Escolha pra mim";
				INFOPLIST_KEY_LSApplicationCategoryType = "public.app-category.entertainment";
				INFOPLIST_KEY_UIApplicationSceneManifest_Generation = YES;
				INFOPLIST_KEY_UIApplicationSupportsIndirectInputEvents = YES;
				INFOPLIST_KEY_UILaunchScreen_Generation = YES;
				INFOPLIST_KEY_UISupportedInterfaceOrientations_iPad = "UIInterfaceOrientationPortrait UIInterfaceOrientationPortraitUpsideDown UIInterfaceOrientationLandscapeLeft UIInterfaceOrientationLandscapeRight";
				INFOPLIST_KEY_UISupportedInterfaceOrientations_iPhone = "UIInterfaceOrientationPortrait UIInterfaceOrientationLandscapeLeft UIInterfaceOrientationLandscapeRight";
				LD_RUNPATH_SEARCH_PATHS = (
					"$(inherited)",
					"@executable_path/Frameworks",
				);
				MARKETING_VERSION = 1.0;
				PRODUCT_BUNDLE_IDENTIFIER = com.allanamaral.EscolhaPraMim;
				PRODUCT_NAME = "$(TARGET_NAME)";
				SWIFT_EMIT_LOC_STRINGS = YES;
				SWIFT_VERSION = 5.0;
				TARGETED_DEVICE_FAMILY = "1,2";
			};
			name = Release;
		};
/* End XCBuildConfiguration section */

/* Begin XCConfigurationList section */
		9DDBBAF22B1244C000250DBE /* Build configuration list for PBXProject "EscolhaPraMim" */ = {
			isa = XCConfigurationList;
			buildConfigurations = (
				9DDBBB032B1244C100250DBE /* Debug */,
				9DDBBB042B1244C100250DBE /* Release */,
			);
			defaultConfigurationIsVisible = 0;
			defaultConfigurationName = Release;
		};
		9DDBBB052B1244C100250DBE /* Build configuration list for PBXNativeTarget "EscolhaPraMim" */ = {
			isa = XCConfigurationList;
			buildConfigurations = (
				9DDBBB062B1244C100250DBE /* Debug */,
				9DDBBB072B1244C100250DBE /* Release */,
			);
			defaultConfigurationIsVisible = 0;
			defaultConfigurationName = Release;
		};
/* End XCConfigurationList section */
	};
	rootObject = 9DDBBAEF2B1244C000250DBE /* Project object */;
}
